{
  "name": "osnap",
  "version": "1.1.0",
  "lockfileVersion": 1,
  "requires": true,
  "dependencies": {
    "@types/minimist": {
      "version": "1.2.0",
      "resolved": "https://registry.npmjs.org/@types/minimist/-/minimist-1.2.0.tgz",
      "integrity": "sha1-aaI6OtKcrwCX8G7aWbNh7i8GOfY=",
      "dev": true
    },
    "@types/node": {
      "version": "7.0.27",
      "resolved": "https://registry.npmjs.org/@types/node/-/node-7.0.27.tgz",
      "integrity": "sha512-2QMiuVOEye2yKmMwE1V96C9HSShmT0WSm6dv2WjacvePEjQNNJGAerTO5hdYhj5lpdK5MW+FVxmyzDhr4omIdw==",
      "dev": true
    },
    "@types/pify": {
      "version": "0.0.28",
      "resolved": "https://registry.npmjs.org/@types/pify/-/pify-0.0.28.tgz",
      "integrity": "sha1-aCtsM6HQV0i4bwKb2rb2Kqc/9QY=",
      "dev": true
    },
    "@types/tempfile": {
      "version": "1.1.5",
      "resolved": "https://registry.npmjs.org/@types/tempfile/-/tempfile-1.1.5.tgz",
      "integrity": "sha1-Gmw5eYosWc3xHIkhC/MGfN1JBAw=",
      "dev": true
    },
    "@types/which": {
      "version": "1.0.28",
      "resolved": "https://registry.npmjs.org/@types/which/-/which-1.0.28.tgz",
      "integrity": "sha1-AW44dim4gXvtZT/jLqtdESecjfY=",
      "dev": true
    },
    "execa": {
      "version": "0.6.3",
      "resolved": "https://registry.npmjs.org/execa/-/execa-0.6.3.tgz",
      "integrity": "sha1-V7aaWU8IF1nGnlNw8NF7nLEWWP4="
    },
    "minimist": {
      "version": "1.2.0",
      "resolved": "https://registry.npmjs.org/minimist/-/minimist-1.2.0.tgz",
      "integrity": "sha1-o1AIsg9BOD7sH7kU9M1d95omQoQ="
    },
    "np": {
      "version": "2.15.0",
      "resolved": "https://registry.npmjs.org/np/-/np-2.15.0.tgz",
      "integrity": "sha1-ZZGBFSP5qS96scR7Op5XlVocdRw=",
      "dev": true
    },
    "pify": {
      "version": "3.0.0",
      "resolved": "https://registry.npmjs.org/pify/-/pify-3.0.0.tgz",
      "integrity": "sha1-5aSs0sEB/fPZpNB/DbxNtJ3SgXY="
    },
    "prettier": {
      "version": "1.4.2",
      "resolved": "https://registry.npmjs.org/prettier/-/prettier-1.4.2.tgz",
      "integrity": "sha512-iJ8HPTHA/Amt9FDLrSRBWG+IWZo6Z4MJ/2oxJP4Rz6UWQUr4rM3MWYeFi6tG4d9kYGuvbnnZ/KYCGdTQ8sPubw==",
      "dev": true
    },
    "rimraf": {
      "version": "2.6.1",
      "resolved": "https://registry.npmjs.org/rimraf/-/rimraf-2.6.1.tgz",
      "integrity": "sha1-wjOOxkPfeht/5cVPqG9XQopV8z0=",
      "dev": true
    },
    "tempfile": {
      "version": "2.0.0",
      "resolved": "https://registry.npmjs.org/tempfile/-/tempfile-2.0.0.tgz",
      "integrity": "sha1-awRGhWqbERTRhW/8vlCczLCXcmU="
    },
    "tslint": {
      "version": "5.4.2",
      "resolved": "https://registry.npmjs.org/tslint/-/tslint-5.4.2.tgz",
      "integrity": "sha1-YJtmQMwEJPSjlamt9ow3VWPFScc=",
      "dev": true
    },
    "typescript": {
      "version": "2.3.4",
      "resolved": "https://registry.npmjs.org/typescript/-/typescript-2.3.4.tgz",
      "integrity": "sha1-PTgyGCgjHkNPKHUUlZw3qCtin0I=",
      "dev": true
    },
    "which": {
      "version": "1.2.14",
      "resolved": "https://registry.npmjs.org/which/-/which-1.2.14.tgz",
      "integrity": "sha1-mofEN48D6CfOyvGs31bHNsAcFOU="
    }
  }
}
